// !$*UTF8*$!
{
	archiveVersion = 1;
	classes = {
	};
	objectVersion = 46;
	objects = {

/* Begin PBXBuildFile section */
		792106461CB74A6600A2296D /* MainTableViewController.m in Sources */ = {isa = PBXBuildFile; fileRef = 792106451CB74A6600A2296D /* MainTableViewController.m */; };
		792106491CB74BF600A2296D /* TopTabViewController.m in Sources */ = {isa = PBXBuildFile; fileRef = 792106481CB74BF600A2296D /* TopTabViewController.m */; };
		7921064C1CB74C1400A2296D /* TestNavViewController.m in Sources */ = {isa = PBXBuildFile; fileRef = 7921064B1CB74C1400A2296D /* TestNavViewController.m */; };
		7921064F1CB74EA900A2296D /* Child1ViewController.m in Sources */ = {isa = PBXBuildFile; fileRef = 7921064E1CB74EA900A2296D /* Child1ViewController.m */; };
		792106521CB74EB600A2296D /* Child2ViewController.m in Sources */ = {isa = PBXBuildFile; fileRef = 792106511CB74EB600A2296D /* Child2ViewController.m */; };
		792106571CB756D100A2296D /* Child3ViewController.m in Sources */ = {isa = PBXBuildFile; fileRef = 792106561CB756D100A2296D /* Child3ViewController.m */; };
		7921065A1CB75A1400A2296D /* bg@2x.png in Resources */ = {isa = PBXBuildFile; fileRef = 792106591CB75A1400A2296D /* bg@2x.png */; };
		795866921CAA7CF80095F3C0 /* ChatKeyBoard.m in Sources */ = {isa = PBXBuildFile; fileRef = 795866911CAA7CF80095F3C0 /* ChatKeyBoard.m */; };
		79592A331CE9BADC0079FE28 /* emotion.plist in Resources */ = {isa = PBXBuildFile; fileRef = 79592A301CE9BADC0079FE28 /* emotion.plist */; };
		79592A341CE9BADC0079FE28 /* face.plist in Resources */ = {isa = PBXBuildFile; fileRef = 79592A311CE9BADC0079FE28 /* face.plist */; };
		79592A351CE9BADC0079FE28 /* systemEmoji.plist in Resources */ = {isa = PBXBuildFile; fileRef = 79592A321CE9BADC0079FE28 /* systemEmoji.plist */; };
		79592A391CE9BB7E0079FE28 /* NSString+Emoji.m in Sources */ = {isa = PBXBuildFile; fileRef = 79592A381CE9BB7D0079FE28 /* NSString+Emoji.m */; };
		79592A3C1CE9BEEA0079FE28 /* MessageViewController.m in Sources */ = {isa = PBXBuildFile; fileRef = 79592A3B1CE9BEEA0079FE28 /* MessageViewController.m */; };
		79891E211CA8FFFF0031B2AE /* main.m in Sources */ = {isa = PBXBuildFile; fileRef = 79891E201CA8FFFF0031B2AE /* main.m */; };
		79891E241CA8FFFF0031B2AE /* AppDelegate.m in Sources */ = {isa = PBXBuildFile; fileRef = 79891E231CA8FFFF0031B2AE /* AppDelegate.m */; };
		79891E271CA8FFFF0031B2AE /* DemoViewController.m in Sources */ = {isa = PBXBuildFile; fileRef = 79891E261CA8FFFF0031B2AE /* DemoViewController.m */; };
		79891E2A1CA8FFFF0031B2AE /* Main.storyboard in Resources */ = {isa = PBXBuildFile; fileRef = 79891E281CA8FFFF0031B2AE /* Main.storyboard */; };
		79891E2F1CA8FFFF0031B2AE /* LaunchScreen.storyboard in Resources */ = {isa = PBXBuildFile; fileRef = 79891E2D1CA8FFFF0031B2AE /* LaunchScreen.storyboard */; };
		79A1258E1CB4AD8A0017EEA0 /* FaceSourceManager.m in Sources */ = {isa = PBXBuildFile; fileRef = 79A1258D1CB4AD8A0017EEA0 /* FaceSourceManager.m */; };
		79A125B01CB4AE2E0017EEA0 /* ChatToolBarItem.m in Sources */ = {isa = PBXBuildFile; fileRef = 79A125911CB4AE2E0017EEA0 /* ChatToolBarItem.m */; };
		79A125B11CB4AE2E0017EEA0 /* FaceThemeModel.m in Sources */ = {isa = PBXBuildFile; fileRef = 79A125931CB4AE2E0017EEA0 /* FaceThemeModel.m */; };
		79A125B21CB4AE2E0017EEA0 /* MoreItem.m in Sources */ = {isa = PBXBuildFile; fileRef = 79A125951CB4AE2E0017EEA0 /* MoreItem.m */; };
		79A125B31CB4AE2E0017EEA0 /* FaceButton.m in Sources */ = {isa = PBXBuildFile; fileRef = 79A125991CB4AE2E0017EEA0 /* FaceButton.m */; };
		79A125B41CB4AE2E0017EEA0 /* FacePanel.m in Sources */ = {isa = PBXBuildFile; fileRef = 79A1259B1CB4AE2E0017EEA0 /* FacePanel.m */; };
		79A125B51CB4AE2E0017EEA0 /* FaceThemeView.m in Sources */ = {isa = PBXBuildFile; fileRef = 79A1259D1CB4AE2E0017EEA0 /* FaceThemeView.m */; };
		79A125B71CB4AE2E0017EEA0 /* PanelBottomView.m in Sources */ = {isa = PBXBuildFile; fileRef = 79A125A11CB4AE2E0017EEA0 /* PanelBottomView.m */; };
		79A125B81CB4AE2E0017EEA0 /* FacePageView.m in Sources */ = {isa = PBXBuildFile; fileRef = 79A125A31CB4AE2E0017EEA0 /* FacePageView.m */; };
		79A125B91CB4AE2E0017EEA0 /* MorePanel.m in Sources */ = {isa = PBXBuildFile; fileRef = 79A125A61CB4AE2E0017EEA0 /* MorePanel.m */; };
		79A125BA1CB4AE2E0017EEA0 /* ChatToolBar.m in Sources */ = {isa = PBXBuildFile; fileRef = 79A125A91CB4AE2E0017EEA0 /* ChatToolBar.m */; };
		79A125BB1CB4AE2E0017EEA0 /* OfficialAccountToolbar.m in Sources */ = {isa = PBXBuildFile; fileRef = 79A125AB1CB4AE2E0017EEA0 /* OfficialAccountToolbar.m */; };
		79A125BC1CB4AE2E0017EEA0 /* RFRecordButton.m in Sources */ = {isa = PBXBuildFile; fileRef = 79A125AD1CB4AE2E0017EEA0 /* RFRecordButton.m */; };
		79A125BD1CB4AE2E0017EEA0 /* RFTextView.m in Sources */ = {isa = PBXBuildFile; fileRef = 79A125AF1CB4AE2E0017EEA0 /* RFTextView.m */; };
		E3CE7D3C1CAC266400C096AE /* Assets.xcassets in Resources */ = {isa = PBXBuildFile; fileRef = E3CE7D3B1CAC266400C096AE /* Assets.xcassets */; };
/* End PBXBuildFile section */

/* Begin PBXFileReference section */
		792106441CB74A6600A2296D /* MainTableViewController.h */ = {isa = PBXFileReference; fileEncoding = 4; lastKnownFileType = sourcecode.c.h; path = MainTableViewController.h; sourceTree = "<group>"; };
		792106451CB74A6600A2296D /* MainTableViewController.m */ = {isa = PBXFileReference; fileEncoding = 4; lastKnownFileType = sourcecode.c.objc; path = MainTableViewController.m; sourceTree = "<group>"; };
		792106471CB74BF600A2296D /* TopTabViewController.h */ = {isa = PBXFileReference; fileEncoding = 4; lastKnownFileType = sourcecode.c.h; path = TopTabViewController.h; sourceTree = "<group>"; };
		792106481CB74BF600A2296D /* TopTabViewController.m */ = {isa = PBXFileReference; fileEncoding = 4; lastKnownFileType = sourcecode.c.objc; path = TopTabViewController.m; sourceTree = "<group>"; };
		7921064A1CB74C1400A2296D /* TestNavViewController.h */ = {isa = PBXFileReference; fileEncoding = 4; lastKnownFileType = sourcecode.c.h; path = TestNavViewController.h; sourceTree = "<group>"; };
		7921064B1CB74C1400A2296D /* TestNavViewController.m */ = {isa = PBXFileReference; fileEncoding = 4; lastKnownFileType = sourcecode.c.objc; path = TestNavViewController.m; sourceTree = "<group>"; };
		7921064D1CB74EA900A2296D /* Child1ViewController.h */ = {isa = PBXFileReference; fileEncoding = 4; lastKnownFileType = sourcecode.c.h; path = Child1ViewController.h; sourceTree = "<group>"; };
		7921064E1CB74EA900A2296D /* Child1ViewController.m */ = {isa = PBXFileReference; fileEncoding = 4; lastKnownFileType = sourcecode.c.objc; path = Child1ViewController.m; sourceTree = "<group>"; };
		792106501CB74EB600A2296D /* Child2ViewController.h */ = {isa = PBXFileReference; fileEncoding = 4; lastKnownFileType = sourcecode.c.h; path = Child2ViewController.h; sourceTree = "<group>"; };
		792106511CB74EB600A2296D /* Child2ViewController.m */ = {isa = PBXFileReference; fileEncoding = 4; lastKnownFileType = sourcecode.c.objc; path = Child2ViewController.m; sourceTree = "<group>"; };
		792106551CB756D100A2296D /* Child3ViewController.h */ = {isa = PBXFileReference; fileEncoding = 4; lastKnownFileType = sourcecode.c.h; path = Child3ViewController.h; sourceTree = "<group>"; };
		792106561CB756D100A2296D /* Child3ViewController.m */ = {isa = PBXFileReference; fileEncoding = 4; lastKnownFileType = sourcecode.c.objc; path = Child3ViewController.m; sourceTree = "<group>"; };
		792106591CB75A1400A2296D /* bg@2x.png */ = {isa = PBXFileReference; lastKnownFileType = image.png; path = "bg@2x.png"; sourceTree = "<group>"; };
		792929AD1CACB4D400E4376E /* ChatKeyBoardMacroDefine.h */ = {isa = PBXFileReference; fileEncoding = 4; lastKnownFileType = sourcecode.c.h; path = ChatKeyBoardMacroDefine.h; sourceTree = "<group>"; };
		795866901CAA7CF80095F3C0 /* ChatKeyBoard.h */ = {isa = PBXFileReference; fileEncoding = 4; lastKnownFileType = sourcecode.c.h; path = ChatKeyBoard.h; sourceTree = "<group>"; };
		795866911CAA7CF80095F3C0 /* ChatKeyBoard.m */ = {isa = PBXFileReference; fileEncoding = 4; lastKnownFileType = sourcecode.c.objc; path = ChatKeyBoard.m; sourceTree = "<group>"; };
		79592A301CE9BADC0079FE28 /* emotion.plist */ = {isa = PBXFileReference; fileEncoding = 4; lastKnownFileType = text.plist.xml; path = emotion.plist; sourceTree = "<group>"; };
		79592A311CE9BADC0079FE28 /* face.plist */ = {isa = PBXFileReference; fileEncoding = 4; lastKnownFileType = text.plist.xml; path = face.plist; sourceTree = "<group>"; };
		79592A321CE9BADC0079FE28 /* systemEmoji.plist */ = {isa = PBXFileReference; fileEncoding = 4; lastKnownFileType = text.plist.xml; path = systemEmoji.plist; sourceTree = "<group>"; };
		79592A371CE9BB7D0079FE28 /* NSString+Emoji.h */ = {isa = PBXFileReference; fileEncoding = 4; lastKnownFileType = sourcecode.c.h; path = "NSString+Emoji.h"; sourceTree = "<group>"; };
		79592A381CE9BB7D0079FE28 /* NSString+Emoji.m */ = {isa = PBXFileReference; fileEncoding = 4; lastKnownFileType = sourcecode.c.objc; path = "NSString+Emoji.m"; sourceTree = "<group>"; };
		79592A3A1CE9BEEA0079FE28 /* MessageViewController.h */ = {isa = PBXFileReference; fileEncoding = 4; lastKnownFileType = sourcecode.c.h; path = MessageViewController.h; sourceTree = "<group>"; };
		79592A3B1CE9BEEA0079FE28 /* MessageViewController.m */ = {isa = PBXFileReference; fileEncoding = 4; lastKnownFileType = sourcecode.c.objc; path = MessageViewController.m; sourceTree = "<group>"; };
		79891E1C1CA8FFFF0031B2AE /* KeyboardForChat.app */ = {isa = PBXFileReference; explicitFileType = wrapper.application; includeInIndex = 0; path = KeyboardForChat.app; sourceTree = BUILT_PRODUCTS_DIR; };
		79891E201CA8FFFF0031B2AE /* main.m */ = {isa = PBXFileReference; lastKnownFileType = sourcecode.c.objc; path = main.m; sourceTree = "<group>"; };
		79891E221CA8FFFF0031B2AE /* AppDelegate.h */ = {isa = PBXFileReference; lastKnownFileType = sourcecode.c.h; path = AppDelegate.h; sourceTree = "<group>"; };
		79891E231CA8FFFF0031B2AE /* AppDelegate.m */ = {isa = PBXFileReference; lastKnownFileType = sourcecode.c.objc; path = AppDelegate.m; sourceTree = "<group>"; };
		79891E251CA8FFFF0031B2AE /* DemoViewController.h */ = {isa = PBXFileReference; lastKnownFileType = sourcecode.c.h; path = DemoViewController.h; sourceTree = "<group>"; };
		79891E261CA8FFFF0031B2AE /* DemoViewController.m */ = {isa = PBXFileReference; lastKnownFileType = sourcecode.c.objc; path = DemoViewController.m; sourceTree = "<group>"; };
		79891E291CA8FFFF0031B2AE /* Base */ = {isa = PBXFileReference; lastKnownFileType = file.storyboard; name = Base; path = Base.lproj/Main.storyboard; sourceTree = "<group>"; };
		79891E2E1CA8FFFF0031B2AE /* Base */ = {isa = PBXFileReference; lastKnownFileType = file.storyboard; name = Base; path = Base.lproj/LaunchScreen.storyboard; sourceTree = "<group>"; };
		79891E301CA8FFFF0031B2AE /* Info.plist */ = {isa = PBXFileReference; lastKnownFileType = text.plist.xml; path = Info.plist; sourceTree = "<group>"; };
		79A1258C1CB4AD8A0017EEA0 /* FaceSourceManager.h */ = {isa = PBXFileReference; fileEncoding = 4; lastKnownFileType = sourcecode.c.h; path = FaceSourceManager.h; sourceTree = "<group>"; };
		79A1258D1CB4AD8A0017EEA0 /* FaceSourceManager.m */ = {isa = PBXFileReference; fileEncoding = 4; lastKnownFileType = sourcecode.c.objc; path = FaceSourceManager.m; sourceTree = "<group>"; };
		79A125901CB4AE2E0017EEA0 /* ChatToolBarItem.h */ = {isa = PBXFileReference; fileEncoding = 4; lastKnownFileType = sourcecode.c.h; path = ChatToolBarItem.h; sourceTree = "<group>"; };
		79A125911CB4AE2E0017EEA0 /* ChatToolBarItem.m */ = {isa = PBXFileReference; fileEncoding = 4; lastKnownFileType = sourcecode.c.objc; path = ChatToolBarItem.m; sourceTree = "<group>"; };
		79A125921CB4AE2E0017EEA0 /* FaceThemeModel.h */ = {isa = PBXFileReference; fileEncoding = 4; lastKnownFileType = sourcecode.c.h; path = FaceThemeModel.h; sourceTree = "<group>"; };
		79A125931CB4AE2E0017EEA0 /* FaceThemeModel.m */ = {isa = PBXFileReference; fileEncoding = 4; lastKnownFileType = sourcecode.c.objc; path = FaceThemeModel.m; sourceTree = "<group>"; };
		79A125941CB4AE2E0017EEA0 /* MoreItem.h */ = {isa = PBXFileReference; fileEncoding = 4; lastKnownFileType = sourcecode.c.h; path = MoreItem.h; sourceTree = "<group>"; };
		79A125951CB4AE2E0017EEA0 /* MoreItem.m */ = {isa = PBXFileReference; fileEncoding = 4; lastKnownFileType = sourcecode.c.objc; path = MoreItem.m; sourceTree = "<group>"; };
		79A125981CB4AE2E0017EEA0 /* FaceButton.h */ = {isa = PBXFileReference; fileEncoding = 4; lastKnownFileType = sourcecode.c.h; path = FaceButton.h; sourceTree = "<group>"; };
		79A125991CB4AE2E0017EEA0 /* FaceButton.m */ = {isa = PBXFileReference; fileEncoding = 4; lastKnownFileType = sourcecode.c.objc; path = FaceButton.m; sourceTree = "<group>"; };
		79A1259A1CB4AE2E0017EEA0 /* FacePanel.h */ = {isa = PBXFileReference; fileEncoding = 4; lastKnownFileType = sourcecode.c.h; path = FacePanel.h; sourceTree = "<group>"; };
		79A1259B1CB4AE2E0017EEA0 /* FacePanel.m */ = {isa = PBXFileReference; fileEncoding = 4; lastKnownFileType = sourcecode.c.objc; path = FacePanel.m; sourceTree = "<group>"; };
		79A1259C1CB4AE2E0017EEA0 /* FaceThemeView.h */ = {isa = PBXFileReference; fileEncoding = 4; lastKnownFileType = sourcecode.c.h; path = FaceThemeView.h; sourceTree = "<group>"; };
		79A1259D1CB4AE2E0017EEA0 /* FaceThemeView.m */ = {isa = PBXFileReference; fileEncoding = 4; lastKnownFileType = sourcecode.c.objc; path = FaceThemeView.m; sourceTree = "<group>"; };
		79A125A01CB4AE2E0017EEA0 /* PanelBottomView.h */ = {isa = PBXFileReference; fileEncoding = 4; lastKnownFileType = sourcecode.c.h; path = PanelBottomView.h; sourceTree = "<group>"; };
		79A125A11CB4AE2E0017EEA0 /* PanelBottomView.m */ = {isa = PBXFileReference; fileEncoding = 4; lastKnownFileType = sourcecode.c.objc; path = PanelBottomView.m; sourceTree = "<group>"; };
		79A125A21CB4AE2E0017EEA0 /* FacePageView.h */ = {isa = PBXFileReference; fileEncoding = 4; lastKnownFileType = sourcecode.c.h; path = FacePageView.h; sourceTree = "<group>"; };
		79A125A31CB4AE2E0017EEA0 /* FacePageView.m */ = {isa = PBXFileReference; fileEncoding = 4; lastKnownFileType = sourcecode.c.objc; path = FacePageView.m; sourceTree = "<group>"; };
		79A125A51CB4AE2E0017EEA0 /* MorePanel.h */ = {isa = PBXFileReference; fileEncoding = 4; lastKnownFileType = sourcecode.c.h; path = MorePanel.h; sourceTree = "<group>"; };
		79A125A61CB4AE2E0017EEA0 /* MorePanel.m */ = {isa = PBXFileReference; fileEncoding = 4; lastKnownFileType = sourcecode.c.objc; path = MorePanel.m; sourceTree = "<group>"; };
		79A125A81CB4AE2E0017EEA0 /* ChatToolBar.h */ = {isa = PBXFileReference; fileEncoding = 4; lastKnownFileType = sourcecode.c.h; path = ChatToolBar.h; sourceTree = "<group>"; };
		79A125A91CB4AE2E0017EEA0 /* ChatToolBar.m */ = {isa = PBXFileReference; fileEncoding = 4; lastKnownFileType = sourcecode.c.objc; path = ChatToolBar.m; sourceTree = "<group>"; };
		79A125AA1CB4AE2E0017EEA0 /* OfficialAccountToolbar.h */ = {isa = PBXFileReference; fileEncoding = 4; lastKnownFileType = sourcecode.c.h; path = OfficialAccountToolbar.h; sourceTree = "<group>"; };
		79A125AB1CB4AE2E0017EEA0 /* OfficialAccountToolbar.m */ = {isa = PBXFileReference; fileEncoding = 4; lastKnownFileType = sourcecode.c.objc; path = OfficialAccountToolbar.m; sourceTree = "<group>"; };
		79A125AC1CB4AE2E0017EEA0 /* RFRecordButton.h */ = {isa = PBXFileReference; fileEncoding = 4; lastKnownFileType = sourcecode.c.h; path = RFRecordButton.h; sourceTree = "<group>"; };
		79A125AD1CB4AE2E0017EEA0 /* RFRecordButton.m */ = {isa = PBXFileReference; fileEncoding = 4; lastKnownFileType = sourcecode.c.objc; path = RFRecordButton.m; sourceTree = "<group>"; };
		79A125AE1CB4AE2E0017EEA0 /* RFTextView.h */ = {isa = PBXFileReference; fileEncoding = 4; lastKnownFileType = sourcecode.c.h; path = RFTextView.h; sourceTree = "<group>"; };
		79A125AF1CB4AE2E0017EEA0 /* RFTextView.m */ = {isa = PBXFileReference; fileEncoding = 4; lastKnownFileType = sourcecode.c.objc; path = RFTextView.m; sourceTree = "<group>"; };
		E3CE7D3B1CAC266400C096AE /* Assets.xcassets */ = {isa = PBXFileReference; lastKnownFileType = folder.assetcatalog; path = Assets.xcassets; sourceTree = "<group>"; };
/* End PBXFileReference section */

/* Begin PBXFrameworksBuildPhase section */
		79891E191CA8FFFF0031B2AE /* Frameworks */ = {
			isa = PBXFrameworksBuildPhase;
			buildActionMask = 2147483647;
			files = (
			);
			runOnlyForDeploymentPostprocessing = 0;
		};
/* End PBXFrameworksBuildPhase section */

/* Begin PBXGroup section */
		79592A2F1CE9BADC0079FE28 /* plist */ = {
			isa = PBXGroup;
			children = (
				79592A301CE9BADC0079FE28 /* emotion.plist */,
				79592A311CE9BADC0079FE28 /* face.plist */,
				79592A321CE9BADC0079FE28 /* systemEmoji.plist */,
			);
			path = plist;
			sourceTree = "<group>";
		};
		79592A361CE9BB5F0079FE28 /* Cagegory */ = {
			isa = PBXGroup;
			children = (
				79592A371CE9BB7D0079FE28 /* NSString+Emoji.h */,
				79592A381CE9BB7D0079FE28 /* NSString+Emoji.m */,
			);
			path = Cagegory;
			sourceTree = "<group>";
		};
		79891E131CA8FFFF0031B2AE = {
			isa = PBXGroup;
			children = (
				79891E1E1CA8FFFF0031B2AE /* KeyboardForChat */,
				79891E1D1CA8FFFF0031B2AE /* Products */,
			);
			sourceTree = "<group>";
		};
		79891E1D1CA8FFFF0031B2AE /* Products */ = {
			isa = PBXGroup;
			children = (
				79891E1C1CA8FFFF0031B2AE /* KeyboardForChat.app */,
			);
			name = Products;
			sourceTree = "<group>";
		};
		79891E1E1CA8FFFF0031B2AE /* KeyboardForChat */ = {
			isa = PBXGroup;
			children = (
				792106591CB75A1400A2296D /* bg@2x.png */,
				79891E221CA8FFFF0031B2AE /* AppDelegate.h */,
				79891E231CA8FFFF0031B2AE /* AppDelegate.m */,
				792106441CB74A6600A2296D /* MainTableViewController.h */,
				792106451CB74A6600A2296D /* MainTableViewController.m */,
				79891E251CA8FFFF0031B2AE /* DemoViewController.h */,
				79891E261CA8FFFF0031B2AE /* DemoViewController.m */,
				792106471CB74BF600A2296D /* TopTabViewController.h */,
				792106481CB74BF600A2296D /* TopTabViewController.m */,
				7921064D1CB74EA900A2296D /* Child1ViewController.h */,
				7921064E1CB74EA900A2296D /* Child1ViewController.m */,
				792106501CB74EB600A2296D /* Child2ViewController.h */,
				792106511CB74EB600A2296D /* Child2ViewController.m */,
				792106551CB756D100A2296D /* Child3ViewController.h */,
				792106561CB756D100A2296D /* Child3ViewController.m */,
				7921064A1CB74C1400A2296D /* TestNavViewController.h */,
				7921064B1CB74C1400A2296D /* TestNavViewController.m */,
				79592A3A1CE9BEEA0079FE28 /* MessageViewController.h */,
				79592A3B1CE9BEEA0079FE28 /* MessageViewController.m */,
				79A1258C1CB4AD8A0017EEA0 /* FaceSourceManager.h */,
				79A1258D1CB4AD8A0017EEA0 /* FaceSourceManager.m */,
				79C90CDD1CA94D350059270D /* KeyBoard */,
				79891E1F1CA8FFFF0031B2AE /* Supporting Files */,
			);
			path = KeyboardForChat;
			sourceTree = "<group>";
		};
		79891E1F1CA8FFFF0031B2AE /* Supporting Files */ = {
			isa = PBXGroup;
			children = (
				E3CE7D3B1CAC266400C096AE /* Assets.xcassets */,
				79891E281CA8FFFF0031B2AE /* Main.storyboard */,
				79891E2D1CA8FFFF0031B2AE /* LaunchScreen.storyboard */,
				79891E301CA8FFFF0031B2AE /* Info.plist */,
				79891E201CA8FFFF0031B2AE /* main.m */,
			);
			name = "Supporting Files";
			sourceTree = "<group>";
		};
		79A1258F1CB4AE2E0017EEA0 /* Models */ = {
			isa = PBXGroup;
			children = (
				79A125901CB4AE2E0017EEA0 /* ChatToolBarItem.h */,
				79A125911CB4AE2E0017EEA0 /* ChatToolBarItem.m */,
				79A125921CB4AE2E0017EEA0 /* FaceThemeModel.h */,
				79A125931CB4AE2E0017EEA0 /* FaceThemeModel.m */,
				79A125941CB4AE2E0017EEA0 /* MoreItem.h */,
				79A125951CB4AE2E0017EEA0 /* MoreItem.m */,
			);
			path = Models;
			sourceTree = "<group>";
		};
		79A125961CB4AE2E0017EEA0 /* Views */ = {
			isa = PBXGroup;
			children = (
				79A125971CB4AE2E0017EEA0 /* FacePanel */,
				79A125A41CB4AE2E0017EEA0 /* MorePanel */,
				79A125A71CB4AE2E0017EEA0 /* ToolBarPanel */,
			);
			path = Views;
			sourceTree = "<group>";
		};
		79A125971CB4AE2E0017EEA0 /* FacePanel */ = {
			isa = PBXGroup;
			children = (
				79A1259A1CB4AE2E0017EEA0 /* FacePanel.h */,
				79A1259B1CB4AE2E0017EEA0 /* FacePanel.m */,
				79A1259C1CB4AE2E0017EEA0 /* FaceThemeView.h */,
				79A1259D1CB4AE2E0017EEA0 /* FaceThemeView.m */,
				79A125A21CB4AE2E0017EEA0 /* FacePageView.h */,
				79A125A31CB4AE2E0017EEA0 /* FacePageView.m */,
				79A125981CB4AE2E0017EEA0 /* FaceButton.h */,
				79A125991CB4AE2E0017EEA0 /* FaceButton.m */,
				79A125A01CB4AE2E0017EEA0 /* PanelBottomView.h */,
				79A125A11CB4AE2E0017EEA0 /* PanelBottomView.m */,
			);
			path = FacePanel;
			sourceTree = "<group>";
		};
		79A125A41CB4AE2E0017EEA0 /* MorePanel */ = {
			isa = PBXGroup;
			children = (
				79A125A51CB4AE2E0017EEA0 /* MorePanel.h */,
				79A125A61CB4AE2E0017EEA0 /* MorePanel.m */,
			);
			path = MorePanel;
			sourceTree = "<group>";
		};
		79A125A71CB4AE2E0017EEA0 /* ToolBarPanel */ = {
			isa = PBXGroup;
			children = (
				79A125A81CB4AE2E0017EEA0 /* ChatToolBar.h */,
				79A125A91CB4AE2E0017EEA0 /* ChatToolBar.m */,
				79A125AA1CB4AE2E0017EEA0 /* OfficialAccountToolbar.h */,
				79A125AB1CB4AE2E0017EEA0 /* OfficialAccountToolbar.m */,
				79A125AC1CB4AE2E0017EEA0 /* RFRecordButton.h */,
				79A125AD1CB4AE2E0017EEA0 /* RFRecordButton.m */,
				79A125AE1CB4AE2E0017EEA0 /* RFTextView.h */,
				79A125AF1CB4AE2E0017EEA0 /* RFTextView.m */,
			);
			path = ToolBarPanel;
			sourceTree = "<group>";
		};
		79C90CDD1CA94D350059270D /* KeyBoard */ = {
			isa = PBXGroup;
			children = (
				79592A2F1CE9BADC0079FE28 /* plist */,
				79592A361CE9BB5F0079FE28 /* Cagegory */,
				79A1258F1CB4AE2E0017EEA0 /* Models */,
				79A125961CB4AE2E0017EEA0 /* Views */,
				795866901CAA7CF80095F3C0 /* ChatKeyBoard.h */,
				795866911CAA7CF80095F3C0 /* ChatKeyBoard.m */,
				792929AD1CACB4D400E4376E /* ChatKeyBoardMacroDefine.h */,
			);
			path = KeyBoard;
			sourceTree = "<group>";
		};
/* End PBXGroup section */

/* Begin PBXNativeTarget section */
		79891E1B1CA8FFFF0031B2AE /* KeyboardForChat */ = {
			isa = PBXNativeTarget;
			buildConfigurationList = 79891E331CA8FFFF0031B2AE /* Build configuration list for PBXNativeTarget "KeyboardForChat" */;
			buildPhases = (
				79891E181CA8FFFF0031B2AE /* Sources */,
				79891E191CA8FFFF0031B2AE /* Frameworks */,
				79891E1A1CA8FFFF0031B2AE /* Resources */,
			);
			buildRules = (
			);
			dependencies = (
			);
			name = KeyboardForChat;
			productName = FaceKeyboard;
			productReference = 79891E1C1CA8FFFF0031B2AE /* KeyboardForChat.app */;
			productType = "com.apple.product-type.application";
		};
/* End PBXNativeTarget section */

/* Begin PBXProject section */
		79891E141CA8FFFF0031B2AE /* Project object */ = {
			isa = PBXProject;
			attributes = {
				LastUpgradeCheck = 0720;
				ORGANIZATIONNAME = ruofei;
				TargetAttributes = {
					79891E1B1CA8FFFF0031B2AE = {
						CreatedOnToolsVersion = 7.2;
						DevelopmentTeam = 5LZ9TU2735;
					};
				};
			};
			buildConfigurationList = 79891E171CA8FFFF0031B2AE /* Build configuration list for PBXProject "KeyboardForChat" */;
			compatibilityVersion = "Xcode 3.2";
			developmentRegion = English;
			hasScannedForEncodings = 0;
			knownRegions = (
				en,
				Base,
			);
			mainGroup = 79891E131CA8FFFF0031B2AE;
			productRefGroup = 79891E1D1CA8FFFF0031B2AE /* Products */;
			projectDirPath = "";
			projectRoot = "";
			targets = (
				79891E1B1CA8FFFF0031B2AE /* KeyboardForChat */,
			);
		};
/* End PBXProject section */

/* Begin PBXResourcesBuildPhase section */
		79891E1A1CA8FFFF0031B2AE /* Resources */ = {
			isa = PBXResourcesBuildPhase;
			buildActionMask = 2147483647;
			files = (
				79891E2F1CA8FFFF0031B2AE /* LaunchScreen.storyboard in Resources */,
				7921065A1CB75A1400A2296D /* bg@2x.png in Resources */,
				79592A331CE9BADC0079FE28 /* emotion.plist in Resources */,
				79891E2A1CA8FFFF0031B2AE /* Main.storyboard in Resources */,
				E3CE7D3C1CAC266400C096AE /* Assets.xcassets in Resources */,
				79592A351CE9BADC0079FE28 /* systemEmoji.plist in Resources */,
				79592A341CE9BADC0079FE28 /* face.plist in Resources */,
			);
			runOnlyForDeploymentPostprocessing = 0;
		};
/* End PBXResourcesBuildPhase section */

/* Begin PBXSourcesBuildPhase section */
		79891E181CA8FFFF0031B2AE /* Sources */ = {
			isa = PBXSourcesBuildPhase;
			buildActionMask = 2147483647;
			files = (
				792106461CB74A6600A2296D /* MainTableViewController.m in Sources */,
				79A125B41CB4AE2E0017EEA0 /* FacePanel.m in Sources */,
				79592A3C1CE9BEEA0079FE28 /* MessageViewController.m in Sources */,
				795866921CAA7CF80095F3C0 /* ChatKeyBoard.m in Sources */,
				79A1258E1CB4AD8A0017EEA0 /* FaceSourceManager.m in Sources */,
				79A125BC1CB4AE2E0017EEA0 /* RFRecordButton.m in Sources */,
				792106571CB756D100A2296D /* Child3ViewController.m in Sources */,
				79A125BB1CB4AE2E0017EEA0 /* OfficialAccountToolbar.m in Sources */,
				79891E271CA8FFFF0031B2AE /* DemoViewController.m in Sources */,
				79A125B51CB4AE2E0017EEA0 /* FaceThemeView.m in Sources */,
				792106491CB74BF600A2296D /* TopTabViewController.m in Sources */,
				792106521CB74EB600A2296D /* Child2ViewController.m in Sources */,
				79A125B71CB4AE2E0017EEA0 /* PanelBottomView.m in Sources */,
				79A125BA1CB4AE2E0017EEA0 /* ChatToolBar.m in Sources */,
				79A125B21CB4AE2E0017EEA0 /* MoreItem.m in Sources */,
				79A125B91CB4AE2E0017EEA0 /* MorePanel.m in Sources */,
				7921064F1CB74EA900A2296D /* Child1ViewController.m in Sources */,
				79891E241CA8FFFF0031B2AE /* AppDelegate.m in Sources */,
				79A125B11CB4AE2E0017EEA0 /* FaceThemeModel.m in Sources */,
				79A125B01CB4AE2E0017EEA0 /* ChatToolBarItem.m in Sources */,
				79A125B81CB4AE2E0017EEA0 /* FacePageView.m in Sources */,
				79592A391CE9BB7E0079FE28 /* NSString+Emoji.m in Sources */,
				79A125B31CB4AE2E0017EEA0 /* FaceButton.m in Sources */,
				79A125BD1CB4AE2E0017EEA0 /* RFTextView.m in Sources */,
				7921064C1CB74C1400A2296D /* TestNavViewController.m in Sources */,
				79891E211CA8FFFF0031B2AE /* main.m in Sources */,
			);
			runOnlyForDeploymentPostprocessing = 0;
		};
/* End PBXSourcesBuildPhase section */

/* Begin PBXVariantGroup section */
		79891E281CA8FFFF0031B2AE /* Main.storyboard */ = {
			isa = PBXVariantGroup;
			children = (
				79891E291CA8FFFF0031B2AE /* Base */,
			);
			name = Main.storyboard;
			sourceTree = "<group>";
		};
		79891E2D1CA8FFFF0031B2AE /* LaunchScreen.storyboard */ = {
			isa = PBXVariantGroup;
			children = (
				79891E2E1CA8FFFF0031B2AE /* Base */,
			);
			name = LaunchScreen.storyboard;
			sourceTree = "<group>";
		};
/* End PBXVariantGroup section */

/* Begin XCBuildConfiguration section */
		79891E311CA8FFFF0031B2AE /* Debug */ = {
			isa = XCBuildConfiguration;
			buildSettings = {
				ALWAYS_SEARCH_USER_PATHS = NO;
				CLANG_CXX_LANGUAGE_STANDARD = "gnu++0x";
				CLANG_CXX_LIBRARY = "libc++";
				CLANG_ENABLE_MODULES = YES;
				CLANG_ENABLE_OBJC_ARC = YES;
				CLANG_WARN_BOOL_CONVERSION = YES;
				CLANG_WARN_CONSTANT_CONVERSION = YES;
				CLANG_WARN_DIRECT_OBJC_ISA_USAGE = YES_ERROR;
				CLANG_WARN_EMPTY_BODY = YES;
				CLANG_WARN_ENUM_CONVERSION = YES;
				CLANG_WARN_INT_CONVERSION = YES;
				CLANG_WARN_OBJC_ROOT_CLASS = YES_ERROR;
				CLANG_WARN_UNREACHABLE_CODE = YES;
				CLANG_WARN__DUPLICATE_METHOD_MATCH = YES;
				"CODE_SIGN_IDENTITY[sdk=iphoneos*]" = "iPhone Developer";
				COPY_PHASE_STRIP = NO;
				DEBUG_INFORMATION_FORMAT = dwarf;
				ENABLE_STRICT_OBJC_MSGSEND = YES;
				ENABLE_TESTABILITY = YES;
				GCC_C_LANGUAGE_STANDARD = gnu99;
				GCC_DYNAMIC_NO_PIC = NO;
				GCC_NO_COMMON_BLOCKS = YES;
				GCC_OPTIMIZATION_LEVEL = 0;
				GCC_PREPROCESSOR_DEFINITIONS = (
					"DEBUG=1",
					"$(inherited)",
				);
				GCC_WARN_64_TO_32_BIT_CONVERSION = YES;
				GCC_WARN_ABOUT_RETURN_TYPE = YES_ERROR;
				GCC_WARN_UNDECLARED_SELECTOR = YES;
				GCC_WARN_UNINITIALIZED_AUTOS = YES_AGGRESSIVE;
				GCC_WARN_UNUSED_FUNCTION = YES;
				GCC_WARN_UNUSED_VARIABLE = YES;
				IPHONEOS_DEPLOYMENT_TARGET = 9.2;
				MTL_ENABLE_DEBUG_INFO = YES;
				ONLY_ACTIVE_ARCH = YES;
				SDKROOT = iphoneos;
			};
			name = Debug;
		};
		79891E321CA8FFFF0031B2AE /* Release */ = {
			isa = XCBuildConfiguration;
			buildSettings = {
				ALWAYS_SEARCH_USER_PATHS = NO;
				CLANG_CXX_LANGUAGE_STANDARD = "gnu++0x";
				CLANG_CXX_LIBRARY = "libc++";
				CLANG_ENABLE_MODULES = YES;
				CLANG_ENABLE_OBJC_ARC = YES;
				CLANG_WARN_BOOL_CONVERSION = YES;
				CLANG_WARN_CONSTANT_CONVERSION = YES;
				CLANG_WARN_DIRECT_OBJC_ISA_USAGE = YES_ERROR;
				CLANG_WARN_EMPTY_BODY = YES;
				CLANG_WARN_ENUM_CONVERSION = YES;
				CLANG_WARN_INT_CONVERSION = YES;
				CLANG_WARN_OBJC_ROOT_CLASS = YES_ERROR;
				CLANG_WARN_UNREACHABLE_CODE = YES;
				CLANG_WARN__DUPLICATE_METHOD_MATCH = YES;
				"CODE_SIGN_IDENTITY[sdk=iphoneos*]" = "iPhone Developer";
				COPY_PHASE_STRIP = NO;
				DEBUG_INFORMATION_FORMAT = "dwarf-with-dsym";
				ENABLE_NS_ASSERTIONS = NO;
				ENABLE_STRICT_OBJC_MSGSEND = YES;
				GCC_C_LANGUAGE_STANDARD = gnu99;
				GCC_NO_COMMON_BLOCKS = YES;
				GCC_WARN_64_TO_32_BIT_CONVERSION = YES;
				GCC_WARN_ABOUT_RETURN_TYPE = YES_ERROR;
				GCC_WARN_UNDECLARED_SELECTOR = YES;
				GCC_WARN_UNINITIALIZED_AUTOS = YES_AGGRESSIVE;
				GCC_WARN_UNUSED_FUNCTION = YES;
				GCC_WARN_UNUSED_VARIABLE = YES;
				IPHONEOS_DEPLOYMENT_TARGET = 9.2;
				MTL_ENABLE_DEBUG_INFO = NO;
				SDKROOT = iphoneos;
				VALIDATE_PRODUCT = YES;
			};
			name = Release;
		};
		79891E341CA8FFFF0031B2AE /* Debug */ = {
			isa = XCBuildConfiguration;
			buildSettings = {
				ASSETCATALOG_COMPILER_APPICON_NAME = AppIcon;
				CODE_SIGN_IDENTITY = "iPhone Developer";
				"CODE_SIGN_IDENTITY[sdk=iphoneos*]" = "iPhone Developer";
				INFOPLIST_FILE = KeyboardForChat/Info.plist;
				IPHONEOS_DEPLOYMENT_TARGET = 8.0;
				LD_RUNPATH_SEARCH_PATHS = "$(inherited) @executable_path/Frameworks";
				PRODUCT_BUNDLE_IDENTIFIER = com.suneee.Face;
				PRODUCT_NAME = KeyboardForChat;
				PROVISIONING_PROFILE = "";
			};
			name = Debug;
		};
		79891E351CA8FFFF0031B2AE /* Release */ = {
			isa = XCBuildConfiguration;
			buildSettings = {
				ASSETCATALOG_COMPILER_APPICON_NAME = AppIcon;
				CODE_SIGN_IDENTITY = "iPhone Developer";
				"CODE_SIGN_IDENTITY[sdk=iphoneos*]" = "iPhone Developer";
				INFOPLIST_FILE = KeyboardForChat/Info.plist;
				IPHONEOS_DEPLOYMENT_TARGET = 8.0;
				LD_RUNPATH_SEARCH_PATHS = "$(inherited) @executable_path/Frameworks";
				PRODUCT_BUNDLE_IDENTIFIER = com.suneee.Face;
				PRODUCT_NAME = KeyboardForChat;
				PROVISIONING_PROFILE = "";
			};
			name = Release;
		};
/* End XCBuildConfiguration section */

/* Begin XCConfigurationList section */
		79891E171CA8FFFF0031B2AE /* Build configuration list for PBXProject "KeyboardForChat" */ = {
			isa = XCConfigurationList;
			buildConfigurations = (
				79891E311CA8FFFF0031B2AE /* Debug */,
				79891E321CA8FFFF0031B2AE /* Release */,
			);
			defaultConfigurationIsVisible = 0;
			defaultConfigurationName = Release;
		};
		79891E331CA8FFFF0031B2AE /* Build configuration list for PBXNativeTarget "KeyboardForChat" */ = {
			isa = XCConfigurationList;
			buildConfigurations = (
				79891E341CA8FFFF0031B2AE /* Debug */,
				79891E351CA8FFFF0031B2AE /* Release */,
			);
			defaultConfigurationIsVisible = 0;
			defaultConfigurationName = Release;
		};
/* End XCConfigurationList section */
	};
	rootObject = 79891E141CA8FFFF0031B2AE /* Project object */;
}
